# THIS IS AN AUTOGENERATED FILE. DO NOT EDIT THIS FILE DIRECTLY.
# yarn lockfile v1


"@babel/parser@^7.16.4":
  version "7.21.4"
  resolved "http://registry.npm.souche-inc.com/@babel/parser/download/@babel/parser-7.21.4.tgz#94003fdfc520bbe2875d4ae557b43ddb6d880f17"
  integrity sha1-lAA/38Ugu+KHXUrlV7Q9222IDxc=

"@cspotcode/source-map-support@^0.8.0":
  version "0.8.1"
  resolved "http://registry.npm.souche-inc.com/@cspotcode/source-map-support/download/@cspotcode/source-map-support-0.8.1.tgz"
  integrity sha1-AGKcNaaI4FqIsc2mhPudXnPwAKE=
  dependencies:
    "@jridgewell/trace-mapping" "0.3.9"

"@jridgewell/resolve-uri@^3.0.3":
  version "3.1.1"
  resolved "http://registry.npm.souche-inc.com/@jridgewell/resolve-uri/download/@jridgewell/resolve-uri-3.1.1.tgz"
  integrity sha1-wIZ5Bj8nlhWjMmWDujqQ0dgsxyE=

"@jridgewell/sourcemap-codec@^1.4.10":
  version "1.4.15"
  resolved "http://registry.npm.souche-inc.com/@jridgewell/sourcemap-codec/download/@jridgewell/sourcemap-codec-1.4.15.tgz"
  integrity sha1-18bmdVx4VnqVHgSrUu8P0m3lnzI=

"@jridgewell/trace-mapping@0.3.9":
  version "0.3.9"
  resolved "http://registry.npm.souche-inc.com/@jridgewell/trace-mapping/download/@jridgewell/trace-mapping-0.3.9.tgz"
  integrity sha1-ZTT9WTOlO6fL86F2FeJzoNEnP/k=
  dependencies:
    "@jridgewell/resolve-uri" "^3.0.3"
    "@jridgewell/sourcemap-codec" "^1.4.10"

"@tsconfig/node10@^1.0.7":
  version "1.0.9"
  resolved "http://registry.npm.souche-inc.com/@tsconfig/node10/download/@tsconfig/node10-1.0.9.tgz"
  integrity sha1-30kH/AeohpImN7FeAtTOvEwAIbI=

"@tsconfig/node12@^1.0.7":
  version "1.0.11"
  resolved "http://registry.npm.souche-inc.com/@tsconfig/node12/download/@tsconfig/node12-1.0.11.tgz"
  integrity sha1-7j3vHyfZ7WbaxuRqKVz/sBUuBY0=

"@tsconfig/node14@^1.0.0":
  version "1.0.3"
  resolved "http://registry.npm.souche-inc.com/@tsconfig/node14/download/@tsconfig/node14-1.0.3.tgz"
  integrity sha1-5DhjFihPALmENb9A9y91oJ2r9sE=

"@tsconfig/node16@^1.0.2":
  version "1.0.3"
  resolved "http://registry.npm.souche-inc.com/@tsconfig/node16/download/@tsconfig/node16-1.0.3.tgz"
  integrity sha1-Ry6qtfFcH/3X+GKL1MT3U5lex54=

"@types/node-persist@^3.1.3":
  version "3.1.3"
  resolved "http://registry.npm.souche-inc.com/@types/node-persist/download/@types/node-persist-3.1.3.tgz#4ad222ccc3c80373e3afc7e1b758d7a28d44edf2"
  integrity sha1-StIizMPIA3Pjr8fht1jXoo1E7fI=
  dependencies:
    "@types/node" "*"

"@types/node@*", "@types/node@^18.16.3":
  version "18.16.3"
  resolved "https://registry.npmjs.org/@types/node/-/node-18.16.3.tgz"
  integrity sha512-OPs5WnnT1xkCBiuQrZA4+YAV4HEJejmHneyraIaxsbev5yCEr6KMwINNFP9wQeFIw8FWcoTqF3vQsa5CDaI+8Q==

"@types/qrcode-terminal@^0.12.0":
  version "0.12.0"
  resolved "http://registry.npm.souche-inc.com/@types/qrcode-terminal/download/@types/qrcode-terminal-0.12.0.tgz"
  integrity sha1-zuE6ltuTRuMkDiEoKQRl21Z5mWE=

"@types/spinnies@^0.5.0":
  version "0.5.0"
  resolved "http://registry.npm.souche-inc.com/@types/spinnies/download/@types/spinnies-0.5.0.tgz"
  integrity sha1-X+zt/jAoL+ImcUF4iaHsMeZ5vmU=

"@vue/compiler-core@3.2.47":
  version "3.2.47"
  resolved "http://registry.npm.souche-inc.com/@vue/compiler-core/download/@vue/compiler-core-3.2.47.tgz#3e07c684d74897ac9aa5922c520741f3029267f8"
  integrity sha1-PgfGhNdIl6yapZIsUgdB8wKSZ/g=
  dependencies:
    "@babel/parser" "^7.16.4"
    "@vue/shared" "3.2.47"
    estree-walker "^2.0.2"
    source-map "^0.6.1"

"@vue/compiler-dom@3.2.47":
  version "3.2.47"
  resolved "http://registry.npm.souche-inc.com/@vue/compiler-dom/download/@vue/compiler-dom-3.2.47.tgz#a0b06caf7ef7056939e563dcaa9cbde30794f305"
  integrity sha1-oLBsr373BWk55WPcqpy94weU8wU=
  dependencies:
    "@vue/compiler-core" "3.2.47"
    "@vue/shared" "3.2.47"

"@vue/compiler-sfc@3.2.47":
  version "3.2.47"
  resolved "http://registry.npm.souche-inc.com/@vue/compiler-sfc/download/@vue/compiler-sfc-3.2.47.tgz#1bdc36f6cdc1643f72e2c397eb1a398f5004ad3d"
  integrity sha1-G9w29s3BZD9y4sOX6xo5j1AErT0=
  dependencies:
    "@babel/parser" "^7.16.4"
    "@vue/compiler-core" "3.2.47"
    "@vue/compiler-dom" "3.2.47"
    "@vue/compiler-ssr" "3.2.47"
    "@vue/reactivity-transform" "3.2.47"
    "@vue/shared" "3.2.47"
    estree-walker "^2.0.2"
    magic-string "^0.25.7"
    postcss "^8.1.10"
    source-map "^0.6.1"

"@vue/compiler-ssr@3.2.47":
  version "3.2.47"
  resolved "http://registry.npm.souche-inc.com/@vue/compiler-ssr/download/@vue/compiler-ssr-3.2.47.tgz#35872c01a273aac4d6070ab9d8da918ab13057ee"
  integrity sha1-NYcsAaJzqsTWBwq52NqRirEwV+4=
  dependencies:
    "@vue/compiler-dom" "3.2.47"
    "@vue/shared" "3.2.47"

"@vue/reactivity-transform@3.2.47":
  version "3.2.47"
  resolved "http://registry.npm.souche-inc.com/@vue/reactivity-transform/download/@vue/reactivity-transform-3.2.47.tgz#e45df4d06370f8abf29081a16afd25cffba6d84e"
  integrity sha1-5F300GNw+KvykIGhav0lz/um2E4=
  dependencies:
    "@babel/parser" "^7.16.4"
    "@vue/compiler-core" "3.2.47"
    "@vue/shared" "3.2.47"
    estree-walker "^2.0.2"
    magic-string "^0.25.7"

"@vue/reactivity@3.2.47":
  version "3.2.47"
  resolved "http://registry.npm.souche-inc.com/@vue/reactivity/download/@vue/reactivity-3.2.47.tgz#1d6399074eadfc3ed35c727e2fd707d6881140b6"
  integrity sha1-HWOZB06t/D7TXHJ+L9cH1ogRQLY=
  dependencies:
    "@vue/shared" "3.2.47"

"@vue/runtime-core@3.2.47":
  version "3.2.47"
  resolved "http://registry.npm.souche-inc.com/@vue/runtime-core/download/@vue/runtime-core-3.2.47.tgz#406ebade3d5551c00fc6409bbc1eeb10f32e121d"
  integrity sha1-QG663j1VUcAPxkCbvB7rEPMuEh0=
  dependencies:
    "@vue/reactivity" "3.2.47"
    "@vue/shared" "3.2.47"

"@vue/runtime-dom@3.2.47":
  version "3.2.47"
  resolved "http://registry.npm.souche-inc.com/@vue/runtime-dom/download/@vue/runtime-dom-3.2.47.tgz#93e760eeaeab84dedfb7c3eaf3ed58d776299382"
  integrity sha1-k+dg7q6rhN7ft8Pq8+1Y13Ypk4I=
  dependencies:
    "@vue/runtime-core" "3.2.47"
    "@vue/shared" "3.2.47"
    csstype "^2.6.8"

"@vue/server-renderer@3.2.47":
  version "3.2.47"
  resolved "http://registry.npm.souche-inc.com/@vue/server-renderer/download/@vue/server-renderer-3.2.47.tgz#8aa1d1871fc4eb5a7851aa7f741f8f700e6de3c0"
  integrity sha1-iqHRhx/E61p4Uap/dB+PcA5t48A=
  dependencies:
    "@vue/compiler-ssr" "3.2.47"
    "@vue/shared" "3.2.47"

"@vue/shared@3.2.47":
  version "3.2.47"
  resolved "http://registry.npm.souche-inc.com/@vue/shared/download/@vue/shared-3.2.47.tgz#e597ef75086c6e896ff5478a6bfc0a7aa4bbd14c"
  integrity sha1-5ZfvdQhsbolv9UeKa/wKeqS70Uw=

acorn-walk@^8.1.1:
  version "8.2.0"
  resolved "http://registry.npm.souche-inc.com/acorn-walk/download/acorn-walk-8.2.0.tgz"
  integrity sha1-dBIQ8uJCZFRQiFOi9E0KuDt/acE=

acorn@^8.4.1:
  version "8.8.2"
  resolved "http://registry.npm.souche-inc.com/acorn/download/acorn-8.8.2.tgz"
  integrity sha1-Gy8l2wKvllOZuXdrDCw5EnbTfEo=

ansi-regex@^4.1.0:
  version "4.1.1"
  resolved "http://registry.npm.souche-inc.com/ansi-regex/download/ansi-regex-4.1.1.tgz"
  integrity sha1-Fk2qyHqy1vbbOimHXi0XZlgtq+0=

ansi-styles@^3.2.1:
  version "3.2.1"
  resolved "http://registry.npm.souche-inc.com/ansi-styles/download/ansi-styles-3.2.1.tgz"
  integrity sha1-QfuyAkPlCxK+DwS43tvwdSDOhB0=
  dependencies:
    color-convert "^1.9.0"

arg@^4.1.0:
  version "4.1.3"
  resolved "http://registry.npm.souche-inc.com/arg/download/arg-4.1.3.tgz"
  integrity sha1-Jp/HrVuOQstjyJbVZmAXJhwUQIk=

chalk@^2.4.2:
  version "2.4.2"
  resolved "http://registry.npm.souche-inc.com/chalk/download/chalk-2.4.2.tgz"
  integrity sha1-zUJUFnelQzPPVBpJEIwUMrRMlCQ=
  dependencies:
    ansi-styles "^3.2.1"
    escape-string-regexp "^1.0.5"
    supports-color "^5.3.0"

cli-cursor@^3.0.0:
  version "3.1.0"
  resolved "http://registry.npm.souche-inc.com/cli-cursor/download/cli-cursor-3.1.0.tgz"
  integrity sha1-JkMFp65JDR0Dvwybp8kl0XU68wc=
  dependencies:
    restore-cursor "^3.1.0"

color-convert@^1.9.0:
  version "1.9.3"
  resolved "http://registry.npm.souche-inc.com/color-convert/download/color-convert-1.9.3.tgz"
  integrity sha1-u3GFBpDh8TZWfeYp0tVHHe2kweg=
  dependencies:
    color-name "1.1.3"

color-name@1.1.3:
  version "1.1.3"
  resolved "http://registry.npm.souche-inc.com/color-name/download/color-name-1.1.3.tgz"
  integrity sha1-p9BVi9icQveV3UIyj3QIMcpTvCU=

create-require@^1.1.0:
  version "1.1.1"
  resolved "http://registry.npm.souche-inc.com/create-require/download/create-require-1.1.1.tgz"
  integrity sha1-wdfo8eX2z8n/ZfnNNS03NIdWwzM=

csstype@^2.6.8:
  version "2.6.21"
  resolved "http://registry.npm.souche-inc.com/csstype/download/csstype-2.6.21.tgz#2efb85b7cc55c80017c66a5ad7cbd931fda3a90e"
  integrity sha1-LvuFt8xVyAAXxmpa18vZMf2jqQ4=

diff@^4.0.1:
  version "4.0.2"
  resolved "http://registry.npm.souche-inc.com/diff/download/diff-4.0.2.tgz"
  integrity sha1-YPOuy4nV+uUgwRqhnvwruYKq3n0=

escape-string-regexp@^1.0.5:
  version "1.0.5"
  resolved "http://registry.npm.souche-inc.com/escape-string-regexp/download/escape-string-regexp-1.0.5.tgz"
  integrity sha1-G2HAViGQqN/2rjuyzwIAyhMLhtQ=

estree-walker@^2.0.2:
  version "2.0.2"
  resolved "http://registry.npm.souche-inc.com/estree-walker/download/estree-walker-2.0.2.tgz#52f010178c2a4c117a7757cfe942adb7d2da4cac"
  integrity sha1-UvAQF4wqTBF6d1fP6UKtt9LaTKw=

has-flag@^3.0.0:
  version "3.0.0"
  resolved "http://registry.npm.souche-inc.com/has-flag/download/has-flag-3.0.0.tgz"
  integrity sha1-tdRU3CGZriJWmfNGfloH87lVuv0=

magic-string@^0.25.7:
  version "0.25.9"
  resolved "http://registry.npm.souche-inc.com/magic-string/download/magic-string-0.25.9.tgz#de7f9faf91ef8a1c91d02c2e5314c8277dbcdd1c"
  integrity sha1-3n+fr5HvihyR0CwuUxTIJ3283Rw=
  dependencies:
    sourcemap-codec "^1.4.8"

make-error@^1.1.1:
  version "1.3.6"
  resolved "http://registry.npm.souche-inc.com/make-error/download/make-error-1.3.6.tgz"
  integrity sha1-LrLjfqm2fEiR9oShOUeZr0hM96I=

mimic-fn@^2.1.0:
  version "2.1.0"
  resolved "http://registry.npm.souche-inc.com/mimic-fn/download/mimic-fn-2.1.0.tgz"
  integrity sha1-ftLCzMyvhNP/y3pptXcR/CCDQBs=

nanoid@^3.3.6:
  version "3.3.6"
  resolved "http://registry.npm.souche-inc.com/nanoid/download/nanoid-3.3.6.tgz#443380c856d6e9f9824267d960b4236ad583ea4c"
  integrity sha1-RDOAyFbW6fmCQmfZYLQjatWD6kw=

node-persist@^3.1.0:
  version "3.1.0"
  resolved "http://registry.npm.souche-inc.com/node-persist/download/node-persist-3.1.0.tgz#9d4b03950bba70d37d13d3d3551840e25fd17e09"
  integrity sha1-nUsDlQu6cNN9E9PTVRhA4l/Rfgk=

onetime@^5.1.0:
  version "5.1.2"
  resolved "http://registry.npm.souche-inc.com/onetime/download/onetime-5.1.2.tgz"
  integrity sha1-0Oluu1awdHbfHdnEgG5SN5hcpF4=
  dependencies:
    mimic-fn "^2.1.0"

picocolors@^1.0.0:
  version "1.0.0"
  resolved "http://registry.npm.souche-inc.com/picocolors/download/picocolors-1.0.0.tgz#cb5bdc74ff3f51892236eaf79d68bc44564ab81c"
  integrity sha1-y1vcdP8/UYkiNur3nWi8RFZKuBw=

postcss@^8.1.10:
  version "8.4.23"
  resolved "http://registry.npm.souche-inc.com/postcss/download/postcss-8.4.23.tgz#df0aee9ac7c5e53e1075c24a3613496f9e6552ab"
  integrity sha1-3wrumsfF5T4QdcJKNhNJb55lUqs=
  dependencies:
    nanoid "^3.3.6"
    picocolors "^1.0.0"
    source-map-js "^1.0.2"

qrcode-terminal@^0.12.0:
  version "0.12.0"
  resolved "http://registry.npm.souche-inc.com/qrcode-terminal/download/qrcode-terminal-0.12.0.tgz"
  integrity sha1-u1tpnvf58FBQkqN0i+RGT+cbWBk=

restore-cursor@^3.1.0:
  version "3.1.0"
  resolved "http://registry.npm.souche-inc.com/restore-cursor/download/restore-cursor-3.1.0.tgz"
  integrity sha1-OfZ8VLOnpYzqUjbZXPADQjljH34=
  dependencies:
    onetime "^5.1.0"
    signal-exit "^3.0.2"

signal-exit@^3.0.2:
  version "3.0.7"
  resolved "http://registry.npm.souche-inc.com/signal-exit/download/signal-exit-3.0.7.tgz"
  integrity sha1-qaF2f4r4QVURTqq9c/mSc8j1mtk=

source-map-js@^1.0.2:
  version "1.0.2"
  resolved "http://registry.npm.souche-inc.com/source-map-js/download/source-map-js-1.0.2.tgz#adbc361d9c62df380125e7f161f71c826f1e490c"
  integrity sha1-rbw2HZxi3zgBJefxYfccgm8eSQw=

source-map@^0.6.1:
  version "0.6.1"
  resolved "http://registry.npm.souche-inc.com/source-map/download/source-map-0.6.1.tgz#74722af32e9614e9c287a8d0bbde48b5e2f1a263"
  integrity sha1-dHIq8y6WFOnCh6jQu95IteLxomM=

sourcemap-codec@^1.4.8:
  version "1.4.8"
  resolved "http://registry.npm.souche-inc.com/sourcemap-codec/download/sourcemap-codec-1.4.8.tgz#ea804bd94857402e6992d05a38ef1ae35a9ab4c4"
  integrity sha1-6oBL2UhXQC5pktBaOO8a41qatMQ=

spinnies@^0.5.1:
  version "0.5.1"
  resolved "http://registry.npm.souche-inc.com/spinnies/download/spinnies-0.5.1.tgz"
  integrity sha1-asiEVdkRfHcS1SiYoCyWmBGBmn4=
  dependencies:
    chalk "^2.4.2"
    cli-cursor "^3.0.0"
    strip-ansi "^5.2.0"

strip-ansi@^5.2.0:
  version "5.2.0"
  resolved "http://registry.npm.souche-inc.com/strip-ansi/download/strip-ansi-5.2.0.tgz"
  integrity sha1-jJpTb+tq/JYr36WxBKUJHBrZwK4=
  dependencies:
    ansi-regex "^4.1.0"

supports-color@^5.3.0:
  version "5.5.0"
  resolved "http://registry.npm.souche-inc.com/supports-color/download/supports-color-5.5.0.tgz"
  integrity sha1-4uaaRKyHcveKHsCzW2id9lMO/I8=
  dependencies:
    has-flag "^3.0.0"

ts-node@^10.9.1:
  version "10.9.1"
  resolved "http://registry.npm.souche-inc.com/ts-node/download/ts-node-10.9.1.tgz"
  integrity sha1-5z3pEClYr54fCxaKb/Mg4lrc/0s=
  dependencies:
    "@cspotcode/source-map-support" "^0.8.0"
    "@tsconfig/node10" "^1.0.7"
    "@tsconfig/node12" "^1.0.7"
    "@tsconfig/node14" "^1.0.0"
    "@tsconfig/node16" "^1.0.2"
    acorn "^8.4.1"
    acorn-walk "^8.1.1"
    arg "^4.1.0"
    create-require "^1.1.0"
    diff "^4.0.1"
    make-error "^1.1.1"
    v8-compile-cache-lib "^3.0.1"
    yn "3.1.1"

typescript@^5.0.4:
  version "5.0.4"
  resolved "http://registry.npm.souche-inc.com/typescript/download/typescript-5.0.4.tgz"
  integrity sha1-shf9IBGb1hqU1AESdOCrNpBY2js=

v8-compile-cache-lib@^3.0.1:
  version "3.0.1"
  resolved "http://registry.npm.souche-inc.com/v8-compile-cache-lib/download/v8-compile-cache-lib-3.0.1.tgz"
  integrity sha1-Yzbo1xllyz01obu3hoRFp8BSZL8=

vue@^3.2.47:
  version "3.2.47"
  resolved "http://registry.npm.souche-inc.com/vue/download/vue-3.2.47.tgz#3eb736cbc606fc87038dbba6a154707c8a34cff0"
  integrity sha1-Prc2y8YG/IcDjbumoVRwfIo0z/A=
  dependencies:
    "@vue/compiler-dom" "3.2.47"
    "@vue/compiler-sfc" "3.2.47"
    "@vue/runtime-dom" "3.2.47"
    "@vue/server-renderer" "3.2.47"
    "@vue/shared" "3.2.47"

yn@3.1.1:
  version "3.1.1"
  resolved "http://registry.npm.souche-inc.com/yn/download/yn-3.1.1.tgz"
  integrity sha1-HodAGgnXZ8HV6rJqbkwYUYLS61A=
